
Microsoft Visual Studio Solution File, Format Version 12.00
# Visual Studio Version 17
VisualStudioVersion = 17.3.32929.385
MinimumVisualStudioVersion = 10.0.40219.1
Project("{FAE04EC0-301F-11D3-BF4B-00C04F79EFBC}") = "ReFactored ATM Console App", "ReFactored ATM Console App\ReFactored ATM Console App.csproj", "{73470558-C116-4768-9472-12E26EC6DCF0}"
EndProject
Global
	GlobalSection(SolutionConfigurationPlatforms) = preSolution
		Debug|Any CPU = Debug|Any CPU
		Release|Any CPU = Release|Any CPU
	EndGlobalSection
	GlobalSection(ProjectConfigurationPlatforms) = postSolution
		{73470558-C116-4768-9472-12E26EC6DCF0}.Debug|Any CPU.ActiveCfg = Debug|Any CPU
		{73470558-C116-4768-9472-12E26EC6DCF0}.Debug|Any CPU.Build.0 = Debug|Any CPU
		{73470558-C116-4768-9472-12E26EC6DCF0}.Release|Any CPU.ActiveCfg = Release|Any CPU
		{73470558-C116-4768-9472-12E26EC6DCF0}.Release|Any CPU.Build.0 = Release|Any CPU
	EndGlobalSection
	GlobalSection(SolutionProperties) = preSolution
		HideSolutionNode = FALSE
	EndGlobalSection
	GlobalSection(ExtensibilityGlobals) = postSolution
		SolutionGuid = {CC9A6A89-F207-48B1-B19D-3812125B0154}
	EndGlobalSection
EndGlobal
